// !$*UTF8*$!
{
	archiveVersion = 1;
	classes = {
	};
	objectVersion = 56;
	objects = {

/* Begin PBXBuildFile section */
		400EBA5E29982A6D0005478E /* DraftSpaceApp.swift in Sources */ = {isa = PBXBuildFile; fileRef = 400EBA5D29982A6D0005478E /* DraftSpaceApp.swift */; };
		400EBA6029982A6D0005478E /* ContentView.swift in Sources */ = {isa = PBXBuildFile; fileRef = 400EBA5F29982A6D0005478E /* ContentView.swift */; };
		400EBA6229982A6E0005478E /* Assets.xcassets in Resources */ = {isa = PBXBuildFile; fileRef = 400EBA6129982A6E0005478E /* Assets.xcassets */; };
		400EBA6529982A6E0005478E /* Preview Assets.xcassets in Resources */ = {isa = PBXBuildFile; fileRef = 400EBA6429982A6E0005478E /* Preview Assets.xcassets */; };
		40B9893629982D4C00E92373 /* ARContainer.swift in Sources */ = {isa = PBXBuildFile; fileRef = 40B9893529982D4C00E92373 /* ARContainer.swift */; };
		40B9893829982DED00E92373 /* ARDelegate.swift in Sources */ = {isa = PBXBuildFile; fileRef = 40B9893729982DED00E92373 /* ARDelegate.swift */; };
		40B9893A29983A7400E92373 /* MultipeerSession.swift in Sources */ = {isa = PBXBuildFile; fileRef = 40B9893929983A7400E92373 /* MultipeerSession.swift */; };
/* End PBXBuildFile section */

/* Begin PBXFileReference section */
		400EBA5A29982A6D0005478E /* DraftSpace.app */ = {isa = PBXFileReference; explicitFileType = wrapper.application; includeInIndex = 0; path = DraftSpace.app; sourceTree = BUILT_PRODUCTS_DIR; };
		400EBA5D29982A6D0005478E /* DraftSpaceApp.swift */ = {isa = PBXFileReference; lastKnownFileType = sourcecode.swift; path = DraftSpaceApp.swift; sourceTree = "<group>"; };
		400EBA5F29982A6D0005478E /* ContentView.swift */ = {isa = PBXFileReference; lastKnownFileType = sourcecode.swift; path = ContentView.swift; sourceTree = "<group>"; };
		400EBA6129982A6E0005478E /* Assets.xcassets */ = {isa = PBXFileReference; lastKnownFileType = folder.assetcatalog; path = Assets.xcassets; sourceTree = "<group>"; };
		400EBA6429982A6E0005478E /* Preview Assets.xcassets */ = {isa = PBXFileReference; lastKnownFileType = folder.assetcatalog; path = "Preview Assets.xcassets"; sourceTree = "<group>"; };
		40B9893529982D4C00E92373 /* ARContainer.swift */ = {isa = PBXFileReference; lastKnownFileType = sourcecode.swift; path = ARContainer.swift; sourceTree = "<group>"; };
		40B9893729982DED00E92373 /* ARDelegate.swift */ = {isa = PBXFileReference; lastKnownFileType = sourcecode.swift; path = ARDelegate.swift; sourceTree = "<group>"; };
		40B9893929983A7400E92373 /* MultipeerSession.swift */ = {isa = PBXFileReference; lastKnownFileType = sourcecode.swift; path = MultipeerSession.swift; sourceTree = "<group>"; };
		40B9893B299847B800E92373 /* Info.plist */ = {isa = PBXFileReference; lastKnownFileType = text.plist; path = Info.plist; sourceTree = "<group>"; };
/* End PBXFileReference section */

/* Begin PBXFrameworksBuildPhase section */
		400EBA5729982A6D0005478E /* Frameworks */ = {
			isa = PBXFrameworksBuildPhase;
			buildActionMask = 2147483647;
			files = (
			);
			runOnlyForDeploymentPostprocessing = 0;
		};
/* End PBXFrameworksBuildPhase section */

/* Begin PBXGroup section */
		400EBA5129982A6D0005478E = {
			isa = PBXGroup;
			children = (
				400EBA5C29982A6D0005478E /* DraftSpace */,
				400EBA5B29982A6D0005478E /* Products */,
			);
			sourceTree = "<group>";
		};
		400EBA5B29982A6D0005478E /* Products */ = {
			isa = PBXGroup;
			children = (
				400EBA5A29982A6D0005478E /* DraftSpace.app */,
			);
			name = Products;
			sourceTree = "<group>";
		};
		400EBA5C29982A6D0005478E /* DraftSpace */ = {
			isa = PBXGroup;
			children = (
				40B9893B299847B800E92373 /* Info.plist */,
				400EBA5D29982A6D0005478E /* DraftSpaceApp.swift */,
				400EBA5F29982A6D0005478E /* ContentView.swift */,
				40B9893929983A7400E92373 /* MultipeerSession.swift */,
				40B9893529982D4C00E92373 /* ARContainer.swift */,
				40B9893729982DED00E92373 /* ARDelegate.swift */,
				400EBA6129982A6E0005478E /* Assets.xcassets */,
				400EBA6329982A6E0005478E /* Preview Content */,
			);
			path = DraftSpace;
			sourceTree = "<group>";
		};
		400EBA6329982A6E0005478E /* Preview Content */ = {
			isa = PBXGroup;
			children = (
				400EBA6429982A6E0005478E /* Preview Assets.xcassets */,
			);
			path = "Preview Content";
			sourceTree = "<group>";
		};
/* End PBXGroup section */

/* Begin PBXNativeTarget section */
		400EBA5929982A6D0005478E /* DraftSpace */ = {
			isa = PBXNativeTarget;
			buildConfigurationList = 400EBA6829982A6E0005478E /* Build configuration list for PBXNativeTarget "DraftSpace" */;
			buildPhases = (
				400EBA5629982A6D0005478E /* Sources */,
				400EBA5729982A6D0005478E /* Frameworks */,
				400EBA5829982A6D0005478E /* Resources */,
			);
			buildRules = (
			);
			dependencies = (
			);
			name = DraftSpace;
			productName = DraftSpace;
			productReference = 400EBA5A29982A6D0005478E /* DraftSpace.app */;
			productType = "com.apple.product-type.application";
		};
/* End PBXNativeTarget section */

/* Begin PBXProject section */
		400EBA5229982A6D0005478E /* Project object */ = {
			isa = PBXProject;
			attributes = {
				BuildIndependentTargetsInParallel = 1;
				LastSwiftUpdateCheck = 1410;
				LastUpgradeCheck = 1410;
				TargetAttributes = {
					400EBA5929982A6D0005478E = {
						CreatedOnToolsVersion = 14.1;
					};
				};
			};
			buildConfigurationList = 400EBA5529982A6D0005478E /* Build configuration list for PBXProject "DraftSpace" */;
			compatibilityVersion = "Xcode 14.0";
			developmentRegion = en;
			hasScannedForEncodings = 0;
			knownRegions = (
				en,
				Base,
			);
			mainGroup = 400EBA5129982A6D0005478E;
			productRefGroup = 400EBA5B29982A6D0005478E /* Products */;
			projectDirPath = "";
			projectRoot = "";
			targets = (
				400EBA5929982A6D0005478E /* DraftSpace */,
			);
		};
/* End PBXProject section */

/* Begin PBXResourcesBuildPhase section */
		400EBA5829982A6D0005478E /* Resources */ = {
			isa = PBXResourcesBuildPhase;
			buildActionMask = 2147483647;
			files = (
				400EBA6529982A6E0005478E /* Preview Assets.xcassets in Resources */,
				400EBA6229982A6E0005478E /* Assets.xcassets in Resources */,
			);
			runOnlyForDeploymentPostprocessing = 0;
		};
/* End PBXResourcesBuildPhase section */

/* Begin PBXSourcesBuildPhase section */
		400EBA5629982A6D0005478E /* Sources */ = {
			isa = PBXSourcesBuildPhase;
			buildActionMask = 2147483647;
			files = (
				40B9893629982D4C00E92373 /* ARContainer.swift in Sources */,
				40B9893829982DED00E92373 /* ARDelegate.swift in Sources */,
				40B9893A29983A7400E92373 /* MultipeerSession.swift in Sources */,
				400EBA6029982A6D0005478E /* ContentView.swift in Sources */,
				400EBA5E29982A6D0005478E /* DraftSpaceApp.swift in Sources */,
			);
			runOnlyForDeploymentPostprocessing = 0;
		};
/* End PBXSourcesBuildPhase section */

/* Begin XCBuildConfiguration section */
		400EBA6629982A6E0005478E /* Debug */ = {
			isa = XCBuildConfiguration;
			buildSettings = {
				ALWAYS_SEARCH_USER_PATHS = NO;
				CLANG_ANALYZER_NONNULL = YES;
				CLANG_ANALYZER_NUMBER_OBJECT_CONVERSION = YES_AGGRESSIVE;
				CLANG_CXX_LANGUAGE_STANDARD = "gnu++20";
				CLANG_ENABLE_MODULES = YES;
				CLANG_ENABLE_OBJC_ARC = YES;
				CLANG_ENABLE_OBJC_WEAK = YES;
				CLANG_WARN_BLOCK_CAPTURE_AUTORELEASING = YES;
				CLANG_WARN_BOOL_CONVERSION = YES;
				CLANG_WARN_COMMA = YES;
				CLANG_WARN_CONSTANT_CONVERSION = YES;
				CLANG_WARN_DEPRECATED_OBJC_IMPLEMENTATIONS = YES;
				CLANG_WARN_DIRECT_OBJC_ISA_USAGE = YES_ERROR;
				CLANG_WARN_DOCUMENTATION_COMMENTS = YES;
				CLANG_WARN_EMPTY_BODY = YES;
				CLANG_WARN_ENUM_CONVERSION = YES;
				CLANG_WARN_INFINITE_RECURSION = YES;
				CLANG_WARN_INT_CONVERSION = YES;
				CLANG_WARN_NON_LITERAL_NULL_CONVERSION = YES;
				CLANG_WARN_OBJC_IMPLICIT_RETAIN_SELF = YES;
				CLANG_WARN_OBJC_LITERAL_CONVERSION = YES;
				CLANG_WARN_OBJC_ROOT_CLASS = YES_ERROR;
				CLANG_WARN_QUOTED_INCLUDE_IN_FRAMEWORK_HEADER = YES;
				CLANG_WARN_RANGE_LOOP_ANALYSIS = YES;
				CLANG_WARN_STRICT_PROTOTYPES = YES;
				CLANG_WARN_SUSPICIOUS_MOVE = YES;
				CLANG_WARN_UNGUARDED_AVAILABILITY = YES_AGGRESSIVE;
				CLANG_WARN_UNREACHABLE_CODE = YES;
				CLANG_WARN__DUPLICATE_METHOD_MATCH = YES;
				COPY_PHASE_STRIP = NO;
				DEBUG_INFORMATION_FORMAT = dwarf;
				ENABLE_STRICT_OBJC_MSGSEND = YES;
				ENABLE_TESTABILITY = YES;
				GCC_C_LANGUAGE_STANDARD = gnu11;
				GCC_DYNAMIC_NO_PIC = NO;
				GCC_NO_COMMON_BLOCKS = YES;
				GCC_OPTIMIZATION_LEVEL = 0;
				GCC_PREPROCESSOR_DEFINITIONS = (
					"DEBUG=1",
					"$(inherited)",
				);
				GCC_WARN_64_TO_32_BIT_CONVERSION = YES;
				GCC_WARN_ABOUT_RETURN_TYPE = YES_ERROR;
				GCC_WARN_UNDECLARED_SELECTOR = YES;
				GCC_WARN_UNINITIALIZED_AUTOS = YES_AGGRESSIVE;
				GCC_WARN_UNUSED_FUNCTION = YES;
				GCC_WARN_UNUSED_VARIABLE = YES;
				IPHONEOS_DEPLOYMENT_TARGET = 16.1;
				MTL_ENABLE_DEBUG_INFO = INCLUDE_SOURCE;
				MTL_FAST_MATH = YES;
				ONLY_ACTIVE_ARCH = YES;
				SDKROOT = iphoneos;
				SWIFT_ACTIVE_COMPILATION_CONDITIONS = DEBUG;
				SWIFT_OPTIMIZATION_LEVEL = "-Onone";
			};
			name = Debug;
		};
		400EBA6729982A6E0005478E /* Release */ = {
			isa = XCBuildConfiguration;
			buildSettings = {
				ALWAYS_SEARCH_USER_PATHS = NO;
				CLANG_ANALYZER_NONNULL = YES;
				CLANG_ANALYZER_NUMBER_OBJECT_CONVERSION = YES_AGGRESSIVE;
				CLANG_CXX_LANGUAGE_STANDARD = "gnu++20";
				CLANG_ENABLE_MODULES = YES;
				CLANG_ENABLE_OBJC_ARC = YES;
				CLANG_ENABLE_OBJC_WEAK = YES;
				CLANG_WARN_BLOCK_CAPTURE_AUTORELEASING = YES;
				CLANG_WARN_BOOL_CONVERSION = YES;
				CLANG_WARN_COMMA = YES;
				CLANG_WARN_CONSTANT_CONVERSION = YES;
				CLANG_WARN_DEPRECATED_OBJC_IMPLEMENTATIONS = YES;
				CLANG_WARN_DIRECT_OBJC_ISA_USAGE = YES_ERROR;
				CLANG_WARN_DOCUMENTATION_COMMENTS = YES;
				CLANG_WARN_EMPTY_BODY = YES;
				CLANG_WARN_ENUM_CONVERSION = YES;
				CLANG_WARN_INFINITE_RECURSION = YES;
				CLANG_WARN_INT_CONVERSION = YES;
				CLANG_WARN_NON_LITERAL_NULL_CONVERSION = YES;
				CLANG_WARN_OBJC_IMPLICIT_RETAIN_SELF = YES;
				CLANG_WARN_OBJC_LITERAL_CONVERSION = YES;
				CLANG_WARN_OBJC_ROOT_CLASS = YES_ERROR;
				CLANG_WARN_QUOTED_INCLUDE_IN_FRAMEWORK_HEADER = YES;
				CLANG_WARN_RANGE_LOOP_ANALYSIS = YES;
				CLANG_WARN_STRICT_PROTOTYPES = YES;
				CLANG_WARN_SUSPICIOUS_MOVE = YES;
				CLANG_WARN_UNGUARDED_AVAILABILITY = YES_AGGRESSIVE;
				CLANG_WARN_UNREACHABLE_CODE = YES;
				CLANG_WARN__DUPLICATE_METHOD_MATCH = YES;
				COPY_PHASE_STRIP = NO;
				DEBUG_INFORMATION_FORMAT = "dwarf-with-dsym";
				ENABLE_NS_ASSERTIONS = NO;
				ENABLE_STRICT_OBJC_MSGSEND = YES;
				GCC_C_LANGUAGE_STANDARD = gnu11;
				GCC_NO_COMMON_BLOCKS = YES;
				GCC_WARN_64_TO_32_BIT_CONVERSION = YES;
				GCC_WARN_ABOUT_RETURN_TYPE = YES_ERROR;
				GCC_WARN_UNDECLARED_SELECTOR = YES;
				GCC_WARN_UNINITIALIZED_AUTOS = YES_AGGRESSIVE;
				GCC_WARN_UNUSED_FUNCTION = YES;
				GCC_WARN_UNUSED_VARIABLE = YES;
				IPHONEOS_DEPLOYMENT_TARGET = 16.1;
				MTL_ENABLE_DEBUG_INFO = NO;
				MTL_FAST_MATH = YES;
				SDKROOT = iphoneos;
				SWIFT_COMPILATION_MODE = wholemodule;
				SWIFT_OPTIMIZATION_LEVEL = "-O";
				VALIDATE_PRODUCT = YES;
			};
			name = Release;
		};
		400EBA6929982A6E0005478E /* Debug */ = {
			isa = XCBuildConfiguration;
			buildSettings = {
				ASSETCATALOG_COMPILER_APPICON_NAME = AppIcon;
				ASSETCATALOG_COMPILER_GLOBAL_ACCENT_COLOR_NAME = AccentColor;
				CODE_SIGN_STYLE = Automatic;
				CURRENT_PROJECT_VERSION = 1;
				DEVELOPMENT_ASSET_PATHS = "\"DraftSpace/Preview Content\"";
				DEVELOPMENT_TEAM = 7Z964G7Z5X;
				ENABLE_PREVIEWS = YES;
				GENERATE_INFOPLIST_FILE = YES;
				INFOPLIST_FILE = DraftSpace/Info.plist;
				INFOPLIST_KEY_NSCameraUsageDescription = "DraftSpace needs access to your camera.";
				INFOPLIST_KEY_NSLocalNetworkUsageDescription = "DraftSpace needs access to your local network.";
				INFOPLIST_KEY_UIApplicationSceneManifest_Generation = YES;
				INFOPLIST_KEY_UIApplicationSupportsIndirectInputEvents = YES;
				INFOPLIST_KEY_UILaunchScreen_Generation = YES;
				INFOPLIST_KEY_UIRequiredDeviceCapabilities = "armv7 arkit";
				INFOPLIST_KEY_UISupportedInterfaceOrientations_iPad = "UIInterfaceOrientationPortrait UIInterfaceOrientationPortraitUpsideDown UIInterfaceOrientationLandscapeLeft UIInterfaceOrientationLandscapeRight";
				INFOPLIST_KEY_UISupportedInterfaceOrientations_iPhone = "UIInterfaceOrientationPortrait UIInterfaceOrientationLandscapeLeft UIInterfaceOrientationLandscapeRight";
				LD_RUNPATH_SEARCH_PATHS = (
					"$(inherited)",
					"@executable_path/Frameworks",
				);
				MARKETING_VERSION = 1.0;
				PRODUCT_BUNDLE_IDENTIFIER = com.AndrewSawyer.DraftSpace;
				PRODUCT_NAME = "$(TARGET_NAME)";
				SWIFT_EMIT_LOC_STRINGS = YES;
				SWIFT_VERSION = 5.0;
				TARGETED_DEVICE_FAMILY = "1,2";
			};
			name = Debug;
		};
		400EBA6A29982A6E0005478E /* Release */ = {
			isa = XCBuildConfiguration;
			buildSettings = {
				ASSETCATALOG_COMPILER_APPICON_NAME = AppIcon;
				ASSETCATALOG_COMPILER_GLOBAL_ACCENT_COLOR_NAME = AccentColor;
				CODE_SIGN_STYLE = Automatic;
				CURRENT_PROJECT_VERSION = 1;
				DEVELOPMENT_ASSET_PATHS = "\"DraftSpace/Preview Content\"";
				DEVELOPMENT_TEAM = 7Z964G7Z5X;
				ENABLE_PREVIEWS = YES;
				GENERATE_INFOPLIST_FILE = YES;
				INFOPLIST_FILE = DraftSpace/Info.plist;
				INFOPLIST_KEY_NSCameraUsageDescription = "DraftSpace needs access to your camera.";
				INFOPLIST_KEY_NSLocalNetworkUsageDescription = "DraftSpace needs access to your local network.";
				INFOPLIST_KEY_UIApplicationSceneManifest_Generation = YES;
				INFOPLIST_KEY_UIApplicationSupportsIndirectInputEvents = YES;
				INFOPLIST_KEY_UILaunchScreen_Generation = YES;
				INFOPLIST_KEY_UIRequiredDeviceCapabilities = "armv7 arkit";
				INFOPLIST_KEY_UISupportedInterfaceOrientations_iPad = "UIInterfaceOrientationPortrait UIInterfaceOrientationPortraitUpsideDown UIInterfaceOrientationLandscapeLeft UIInterfaceOrientationLandscapeRight";
				INFOPLIST_KEY_UISupportedInterfaceOrientations_iPhone = "UIInterfaceOrientationPortrait UIInterfaceOrientationLandscapeLeft UIInterfaceOrientationLandscapeRight";
				LD_RUNPATH_SEARCH_PATHS = (
					"$(inherited)",
					"@executable_path/Frameworks",
				);
				MARKETING_VERSION = 1.0;
				PRODUCT_BUNDLE_IDENTIFIER = com.AndrewSawyer.DraftSpace;
				PRODUCT_NAME = "$(TARGET_NAME)";
				SWIFT_EMIT_LOC_STRINGS = YES;
				SWIFT_VERSION = 5.0;
				TARGETED_DEVICE_FAMILY = "1,2";
			};
			name = Release;
		};
/* End XCBuildConfiguration section */

/* Begin XCConfigurationList section */
		400EBA5529982A6D0005478E /* Build configuration list for PBXProject "DraftSpace" */ = {
			isa = XCConfigurationList;
			buildConfigurations = (
				400EBA6629982A6E0005478E /* Debug */,
				400EBA6729982A6E0005478E /* Release */,
			);
			defaultConfigurationIsVisible = 0;
			defaultConfigurationName = Release;
		};
		400EBA6829982A6E0005478E /* Build configuration list for PBXNativeTarget "DraftSpace" */ = {
			isa = XCConfigurationList;
			buildConfigurations = (
				400EBA6929982A6E0005478E /* Debug */,
				400EBA6A29982A6E0005478E /* Release */,
			);
			defaultConfigurationIsVisible = 0;
			defaultConfigurationName = Release;
		};
/* End XCConfigurationList section */
	};
	rootObject = 400EBA5229982A6D0005478E /* Project object */;
}
